
Microsoft Visual Studio Solution File, Format Version 12.00
# Visual Studio Version 17
VisualStudioVersion = 17.0.31912.275
MinimumVisualStudioVersion = 10.0.40219.1
Project("{FAE04EC0-301F-11D3-BF4B-00C04F79EFBC}") = "LeccionSegundoParcial", "LeccionSegundoParcial\LeccionSegundoParcial.csproj", "{6BB6136D-442F-4E60-B789-093F5C25F7C1}"
EndProject
Global
	GlobalSection(SolutionConfigurationPlatforms) = preSolution
		Debug|Any CPU = Debug|Any CPU
		Release|Any CPU = Release|Any CPU
	EndGlobalSection
	GlobalSection(ProjectConfigurationPlatforms) = postSolution
		{6BB6136D-442F-4E60-B789-093F5C25F7C1}.Debug|Any CPU.ActiveCfg = Debug|Any CPU
		{6BB6136D-442F-4E60-B789-093F5C25F7C1}.Debug|Any CPU.Build.0 = Debug|Any CPU
		{6BB6136D-442F-4E60-B789-093F5C25F7C1}.Release|Any CPU.ActiveCfg = Release|Any CPU
		{6BB6136D-442F-4E60-B789-093F5C25F7C1}.Release|Any CPU.Build.0 = Release|Any CPU
	EndGlobalSection
	GlobalSection(SolutionProperties) = preSolution
		HideSolutionNode = FALSE
	EndGlobalSection
	GlobalSection(ExtensibilityGlobals) = postSolution
		SolutionGuid = {A0392E8E-D586-4821-A732-F50DA1529EBC}
	EndGlobalSection
EndGlobal
